
Microsoft Visual Studio Solution File, Format Version 12.00
# Visual Studio Express 2012 for Web
Project("{FAE04EC0-301F-11D3-BF4B-00C04F79EFBC}") = "ImageSharing", "ImageSharing\ImageSharing.csproj", "{77AB1B1E-9EAF-47CA-9397-EF403EF7B69E}"
EndProject
Project("{FAE04EC0-301F-11D3-BF4B-00C04F79EFBC}") = "ImageSharing.Data", "ImageSharingWeb\ImageSharing.Data.csproj", "{4757FC17-504D-4D50-B289-52E5BE752E37}"
EndProject
Project("{FAE04EC0-301F-11D3-BF4B-00C04F79EFBC}") = "ImageSharing.Business", "ImageSharing.Business\ImageSharing.Business.csproj", "{432130DA-60B0-471F-AEFB-24158738913A}"
EndProject
Global
	GlobalSection(SolutionConfigurationPlatforms) = preSolution
		Debug|Any CPU = Debug|Any CPU
		Release|Any CPU = Release|Any CPU
	EndGlobalSection
	GlobalSection(ProjectConfigurationPlatforms) = postSolution
		{77AB1B1E-9EAF-47CA-9397-EF403EF7B69E}.Debug|Any CPU.ActiveCfg = Debug|Any CPU
		{77AB1B1E-9EAF-47CA-9397-EF403EF7B69E}.Debug|Any CPU.Build.0 = Debug|Any CPU
		{77AB1B1E-9EAF-47CA-9397-EF403EF7B69E}.Release|Any CPU.ActiveCfg = Release|Any CPU
		{77AB1B1E-9EAF-47CA-9397-EF403EF7B69E}.Release|Any CPU.Build.0 = Release|Any CPU
		{4757FC17-504D-4D50-B289-52E5BE752E37}.Debug|Any CPU.ActiveCfg = Debug|Any CPU
		{4757FC17-504D-4D50-B289-52E5BE752E37}.Debug|Any CPU.Build.0 = Debug|Any CPU
		{4757FC17-504D-4D50-B289-52E5BE752E37}.Release|Any CPU.ActiveCfg = Release|Any CPU
		{4757FC17-504D-4D50-B289-52E5BE752E37}.Release|Any CPU.Build.0 = Release|Any CPU
		{432130DA-60B0-471F-AEFB-24158738913A}.Debug|Any CPU.ActiveCfg = Debug|Any CPU
		{432130DA-60B0-471F-AEFB-24158738913A}.Debug|Any CPU.Build.0 = Debug|Any CPU
		{432130DA-60B0-471F-AEFB-24158738913A}.Release|Any CPU.ActiveCfg = Release|Any CPU
		{432130DA-60B0-471F-AEFB-24158738913A}.Release|Any CPU.Build.0 = Release|Any CPU
	EndGlobalSection
	GlobalSection(SolutionProperties) = preSolution
		HideSolutionNode = FALSE
	EndGlobalSection
EndGlobal
